
Microsoft Visual Studio Solution File, Format Version 12.00
# Visual Studio Version 17
VisualStudioVersion = 17.12.35323.107
MinimumVisualStudioVersion = 10.0.40219.1
Project("{FAE04EC0-301F-11D3-BF4B-00C04F79EFBC}") = "Lab5", "Lab5.csproj", "{ADF572AD-9A1D-4AAA-B8C4-94BE50C7B503}"
EndProject
Global
	GlobalSection(SolutionConfigurationPlatforms) = preSolution
		Debug|Any CPU = Debug|Any CPU
		Release|Any CPU = Release|Any CPU
	EndGlobalSection
	GlobalSection(ProjectConfigurationPlatforms) = postSolution
		{ADF572AD-9A1D-4AAA-B8C4-94BE50C7B503}.Debug|Any CPU.ActiveCfg = Debug|Any CPU
		{ADF572AD-9A1D-4AAA-B8C4-94BE50C7B503}.Debug|Any CPU.Build.0 = Debug|Any CPU
		{ADF572AD-9A1D-4AAA-B8C4-94BE50C7B503}.Release|Any CPU.ActiveCfg = Release|Any CPU
		{ADF572AD-9A1D-4AAA-B8C4-94BE50C7B503}.Release|Any CPU.Build.0 = Release|Any CPU
	EndGlobalSection
	GlobalSection(SolutionProperties) = preSolution
		HideSolutionNode = FALSE
	EndGlobalSection
	GlobalSection(ExtensibilityGlobals) = postSolution
		SolutionGuid = {58307711-210B-4FA7-BCAC-62A047AB9E76}
	EndGlobalSection
EndGlobal
